// !$*UTF8*$!
{
	archiveVersion = 1;
	classes = {
	};
	objectVersion = 56;
	objects = {

/* Begin PBXBuildFile section */
		A10000010000000000000001 /* M4cNikAppApp.swift in Sources */ = {isa = PBXBuildFile; fileRef = A10000020000000000000001 /* M4cNikAppApp.swift */; };
		A10000010000000000000002 /* ContentView.swift in Sources */ = {isa = PBXBuildFile; fileRef = A10000020000000000000002 /* ContentView.swift */; };
		A10000010000000000000003 /* Assets.xcassets in Resources */ = {isa = PBXBuildFile; fileRef = A10000020000000000000003 /* Assets.xcassets */; };
		A10000010000000000000004 /* AppSettings.swift in Sources */ = {isa = PBXBuildFile; fileRef = A10000020000000000000004 /* AppSettings.swift */; };
		A10000010000000000000005 /* ScreenShield.swift in Sources */ = {isa = PBXBuildFile; fileRef = A10000020000000000000005 /* ScreenShield.swift */; };
		A10000010000000000000006 /* WebPanelView.swift in Sources */ = {isa = PBXBuildFile; fileRef = A10000020000000000000006 /* WebPanelView.swift */; };
		A10000010000000000000007 /* AppTheme.swift in Sources */ = {isa = PBXBuildFile; fileRef = A10000020000000000000007 /* AppTheme.swift */; };
		A10000010000000000000008 /* LaunchSplash.swift in Sources */ = {isa = PBXBuildFile; fileRef = A10000020000000000000008 /* LaunchSplash.swift */; };
/* End PBXBuildFile section */

/* Begin PBXFileReference section */
		A10000020000000000000001 /* M4cNikAppApp.swift */ = {isa = PBXFileReference; lastKnownFileType = sourcecode.swift; path = M4cNikAppApp.swift; sourceTree = "<group>"; };
		A10000020000000000000002 /* ContentView.swift */ = {isa = PBXFileReference; lastKnownFileType = sourcecode.swift; path = ContentView.swift; sourceTree = "<group>"; };
		A10000020000000000000003 /* Assets.xcassets */ = {isa = PBXFileReference; lastKnownFileType = folder.assetcatalog; path = Assets.xcassets; sourceTree = "<group>"; };
		A10000020000000000000004 /* AppSettings.swift */ = {isa = PBXFileReference; lastKnownFileType = sourcecode.swift; path = AppSettings.swift; sourceTree = "<group>"; };
		A10000020000000000000005 /* ScreenShield.swift */ = {isa = PBXFileReference; lastKnownFileType = sourcecode.swift; path = ScreenShield.swift; sourceTree = "<group>"; };
		A10000020000000000000006 /* WebPanelView.swift */ = {isa = PBXFileReference; lastKnownFileType = sourcecode.swift; path = WebPanelView.swift; sourceTree = "<group>"; };
		A10000020000000000000007 /* AppTheme.swift */ = {isa = PBXFileReference; lastKnownFileType = sourcecode.swift; path = AppTheme.swift; sourceTree = "<group>"; };
		A10000020000000000000008 /* LaunchSplash.swift */ = {isa = PBXFileReference; lastKnownFileType = sourcecode.swift; path = LaunchSplash.swift; sourceTree = "<group>"; };
		A10000030000000000000001 /* M4cNikApp.app */ = {isa = PBXFileReference; explicitFileType = wrapper.application; includeInIndex = 0; path = M4cNikApp.app; sourceTree = BUILT_PRODUCTS_DIR; };
/* End PBXFileReference section */

/* Begin PBXFrameworksBuildPhase section */
		A10000040000000000000001 /* Frameworks */ = {
			isa = PBXFrameworksBuildPhase;
			buildActionMask = 2147483647;
			files = (
			);
			runOnlyForDeploymentPostprocessing = 0;
		};
/* End PBXFrameworksBuildPhase section */

/* Begin PBXGroup section */
		A10000050000000000000001 = {
			isa = PBXGroup;
			children = (
				A10000050000000000000002 /* M4cNikApp */,
				A10000050000000000000003 /* Products */,
			);
			sourceTree = "<group>";
		};
		A10000050000000000000002 /* M4cNikApp */ = {
			isa = PBXGroup;
			children = (
				A10000020000000000000001 /* M4cNikAppApp.swift */,
				A10000020000000000000002 /* ContentView.swift */,
				A10000020000000000000004 /* AppSettings.swift */,
				A10000020000000000000005 /* ScreenShield.swift */,
				A10000020000000000000008 /* LaunchSplash.swift */,
				A10000020000000000000007 /* AppTheme.swift */,
				A10000020000000000000006 /* WebPanelView.swift */,
				A10000020000000000000003 /* Assets.xcassets */,
			);
			path = M4cNikApp;
			sourceTree = "<group>";
		};
		A10000050000000000000003 /* Products */ = {
			isa = PBXGroup;
			children = (
				A10000030000000000000001 /* M4cNikApp.app */,
			);
			name = Products;
			sourceTree = "<group>";
		};
/* End PBXGroup section */

/* Begin PBXNativeTarget section */
		A10000060000000000000001 /* M4cNikApp */ = {
			isa = PBXNativeTarget;
			buildConfigurationList = A10000090000000000000001 /* Build configuration list for PBXNativeTarget "M4cNikApp" */;
			buildPhases = (
				A10000070000000000000001 /* Sources */,
				A10000040000000000000001 /* Frameworks */,
				A10000080000000000000001 /* Resources */,
			);
			buildRules = (
			);
			dependencies = (
			);
			name = M4cNikApp;
			productName = M4cNikApp;
			productReference = A10000030000000000000001 /* M4cNikApp.app */;
			productType = "com.apple.product-type.application";
		};
/* End PBXNativeTarget section */

/* Begin PBXProject section */
		A100000A0000000000000001 /* Project object */ = {
			isa = PBXProject;
			attributes = {
				BuildIndependentTargetsInParallel = 1;
				LastSwiftUpdateCheck = 1500;
				LastUpgradeCheck = 1500;
				TargetAttributes = {
					A10000060000000000000001 = {
						CreatedOnToolsVersion = 15.0;
					};
				};
			};
			buildConfigurationList = A10000090000000000000002 /* Build configuration list for PBXProject "M4cNikApp" */;
			compatibilityVersion = "Xcode 14.0";
			developmentRegion = en;
			hasScannedForEncodings = 0;
			knownRegions = (
				en,
				Base,
			);
			mainGroup = A10000050000000000000001;
			productRefGroup = A10000050000000000000003 /* Products */;
			projectDirPath = "";
			projectRoot = "";
			targets = (
				A10000060000000000000001 /* M4cNikApp */,
			);
		};
/* End PBXProject section */

/* Begin PBXResourcesBuildPhase section */
		A10000080000000000000001 /* Resources */ = {
			isa = PBXResourcesBuildPhase;
			buildActionMask = 2147483647;
			files = (
				A10000010000000000000003 /* Assets.xcassets in Resources */,
			);
			runOnlyForDeploymentPostprocessing = 0;
		};
/* End PBXResourcesBuildPhase section */

/* Begin PBXSourcesBuildPhase section */
		A10000070000000000000001 /* Sources */ = {
			isa = PBXSourcesBuildPhase;
			buildActionMask = 2147483647;
			files = (
				A10000010000000000000002 /* ContentView.swift in Sources */,
				A10000010000000000000004 /* AppSettings.swift in Sources */,
				A10000010000000000000005 /* ScreenShield.swift in Sources */,
				A10000010000000000000008 /* LaunchSplash.swift in Sources */,
				A10000010000000000000007 /* AppTheme.swift in Sources */,
				A10000010000000000000006 /* WebPanelView.swift in Sources */,
				A10000010000000000000001 /* M4cNikAppApp.swift in Sources */,
			);
			runOnlyForDeploymentPostprocessing = 0;
		};
/* End PBXSourcesBuildPhase section */

/* Begin XCBuildConfiguration section */
		A100000B0000000000000001 /* Debug */ = {
			isa = XCBuildConfiguration;
			buildSettings = {
				ALWAYS_SEARCH_USER_PATHS = NO;
				CLANG_ENABLE_MODULES = YES;
				CLANG_ENABLE_OBJC_ARC = YES;
				COPY_PHASE_STRIP = NO;
				DEBUG_INFORMATION_FORMAT = dwarf;
				GCC_DYNAMIC_NO_PIC = NO;
				GCC_OPTIMIZATION_LEVEL = 0;
				IPHONEOS_DEPLOYMENT_TARGET = 16.0;
				ONLY_ACTIVE_ARCH = YES;
				SDKROOT = iphoneos;
				SWIFT_ACTIVE_COMPILATION_CONDITIONS = DEBUG;
				SWIFT_OPTIMIZATION_LEVEL = "-Onone";
			};
			name = Debug;
		};
		A100000B0000000000000002 /* Release */ = {
			isa = XCBuildConfiguration;
			buildSettings = {
				ALWAYS_SEARCH_USER_PATHS = NO;
				CLANG_ENABLE_MODULES = YES;
				CLANG_ENABLE_OBJC_ARC = YES;
				COPY_PHASE_STRIP = NO;
				DEBUG_INFORMATION_FORMAT = "dwarf-with-dsym";
				IPHONEOS_DEPLOYMENT_TARGET = 16.0;
				SDKROOT = iphoneos;
				SWIFT_COMPILATION_MODE = wholemodule;
				VALIDATE_PRODUCT = YES;
			};
			name = Release;
		};
		A100000B0000000000000003 /* Debug */ = {
			isa = XCBuildConfiguration;
			buildSettings = {
				ASSETCATALOG_COMPILER_APPICON_NAME = AppIcon;
				CODE_SIGNING_ALLOWED = NO;
				CODE_SIGNING_REQUIRED = NO;
				CURRENT_PROJECT_VERSION = 1;
				DEVELOPMENT_TEAM = "";
				GENERATE_INFOPLIST_FILE = YES;
				INFOPLIST_KEY_CFBundleDisplayName = "M4cNik Admin";
				INFOPLIST_KEY_NSAppTransportSecurity_NSAllowsArbitraryLoads = YES;
				INFOPLIST_KEY_UIApplicationSceneManifest_Generation = YES;
				INFOPLIST_KEY_UILaunchScreen_Generation = YES;
				INFOPLIST_KEY_UISupportedInterfaceOrientations = UIInterfaceOrientationPortrait;
				LD_RUNPATH_SEARCH_PATHS = (
					"$(inherited)",
					"@executable_path/Frameworks",
				);
				MARKETING_VERSION = 1.3;
				PRODUCT_BUNDLE_IDENTIFIER = com.m4cnik.rulit;
				PRODUCT_NAME = "$(TARGET_NAME)";
				SUPPORTED_PLATFORMS = "iphoneos iphonesimulator";
				SUPPORTS_MACCATALYST = NO;
				SWIFT_EMIT_LOC_STRINGS = YES;
				SWIFT_VERSION = 5.0;
				TARGETED_DEVICE_FAMILY = 1;
			};
			name = Debug;
		};
		A100000B0000000000000004 /* Release */ = {
			isa = XCBuildConfiguration;
			buildSettings = {
				ASSETCATALOG_COMPILER_APPICON_NAME = AppIcon;
				CODE_SIGNING_ALLOWED = NO;
				CODE_SIGNING_REQUIRED = NO;
				CURRENT_PROJECT_VERSION = 1;
				DEVELOPMENT_TEAM = "";
				GENERATE_INFOPLIST_FILE = YES;
				INFOPLIST_KEY_CFBundleDisplayName = "M4cNik Admin";
				INFOPLIST_KEY_NSAppTransportSecurity_NSAllowsArbitraryLoads = YES;
				INFOPLIST_KEY_UIApplicationSceneManifest_Generation = YES;
				INFOPLIST_KEY_UILaunchScreen_Generation = YES;
				INFOPLIST_KEY_UISupportedInterfaceOrientations = UIInterfaceOrientationPortrait;
				LD_RUNPATH_SEARCH_PATHS = (
					"$(inherited)",
					"@executable_path/Frameworks",
				);
				MARKETING_VERSION = 1.3;
				PRODUCT_BUNDLE_IDENTIFIER = com.m4cnik.rulit;
				PRODUCT_NAME = "$(TARGET_NAME)";
				SUPPORTED_PLATFORMS = "iphoneos iphonesimulator";
				SUPPORTS_MACCATALYST = NO;
				SWIFT_EMIT_LOC_STRINGS = YES;
				SWIFT_VERSION = 5.0;
				TARGETED_DEVICE_FAMILY = 1;
			};
			name = Release;
		};
/* End XCBuildConfiguration section */

/* Begin XCConfigurationList section */
		A10000090000000000000001 /* Build configuration list for PBXNativeTarget "M4cNikApp" */ = {
			isa = XCConfigurationList;
			buildConfigurations = (
				A100000B0000000000000003 /* Debug */,
				A100000B0000000000000004 /* Release */,
			);
			defaultConfigurationIsVisible = 0;
			defaultConfigurationName = Release;
		};
		A10000090000000000000002 /* Build configuration list for PBXProject "M4cNikApp" */ = {
			isa = XCConfigurationList;
			buildConfigurations = (
				A100000B0000000000000001 /* Debug */,
				A100000B0000000000000002 /* Release */,
			);
			defaultConfigurationIsVisible = 0;
			defaultConfigurationName = Release;
		};
/* End XCConfigurationList section */
	};
	rootObject = A100000A0000000000000001 /* Project object */;
}
